
Microsoft Visual Studio Solution File, Format Version 12.00
# Visual Studio Version 17
VisualStudioVersion = 17.12.35707.178 d17.12
MinimumVisualStudioVersion = 10.0.40219.1
Project("{FAE04EC0-301F-11D3-BF4B-00C04F79EFBC}") = "ApiGateway.Presentation", "ApiGateway.Presentation\ApiGateway.Presentation.csproj", "{78755EAF-6B0F-4ACB-8601-1AEEDAA1869A}"
EndProject
Project("{FAE04EC0-301F-11D3-BF4B-00C04F79EFBC}") = "E-Commerce.SharedLibray", "..\E-Commerce.SharedLibraySolution\E-Commerce.SharedLibray\E-Commerce.SharedLibray.csproj", "{40A708D6-118B-4B4C-AC02-915C051325E5}"
EndProject
Global
	GlobalSection(SolutionConfigurationPlatforms) = preSolution
		Debug|Any CPU = Debug|Any CPU
		Release|Any CPU = Release|Any CPU
	EndGlobalSection
	GlobalSection(ProjectConfigurationPlatforms) = postSolution
		{78755EAF-6B0F-4ACB-8601-1AEEDAA1869A}.Debug|Any CPU.ActiveCfg = Debug|Any CPU
		{78755EAF-6B0F-4ACB-8601-1AEEDAA1869A}.Debug|Any CPU.Build.0 = Debug|Any CPU
		{78755EAF-6B0F-4ACB-8601-1AEEDAA1869A}.Release|Any CPU.ActiveCfg = Release|Any CPU
		{78755EAF-6B0F-4ACB-8601-1AEEDAA1869A}.Release|Any CPU.Build.0 = Release|Any CPU
		{40A708D6-118B-4B4C-AC02-915C051325E5}.Debug|Any CPU.ActiveCfg = Debug|Any CPU
		{40A708D6-118B-4B4C-AC02-915C051325E5}.Debug|Any CPU.Build.0 = Debug|Any CPU
		{40A708D6-118B-4B4C-AC02-915C051325E5}.Release|Any CPU.ActiveCfg = Release|Any CPU
		{40A708D6-118B-4B4C-AC02-915C051325E5}.Release|Any CPU.Build.0 = Release|Any CPU
	EndGlobalSection
	GlobalSection(SolutionProperties) = preSolution
		HideSolutionNode = FALSE
	EndGlobalSection
EndGlobal
